
Microsoft Visual Studio Solution File, Format Version 12.00
# Visual Studio 15
VisualStudioVersion = 15.0.27428.2037
MinimumVisualStudioVersion = 10.0.40219.1
Project("{FAE04EC0-301F-11D3-BF4B-00C04F79EFBC}") = "PeopleManagement", "PeopleManagement\PeopleManagement.csproj", "{259FDB83-F24F-4A34-B373-B087533781EA}"
EndProject
Global
	GlobalSection(SolutionConfigurationPlatforms) = preSolution
		Debug|Any CPU = Debug|Any CPU
		Release|Any CPU = Release|Any CPU
	EndGlobalSection
	GlobalSection(ProjectConfigurationPlatforms) = postSolution
		{259FDB83-F24F-4A34-B373-B087533781EA}.Debug|Any CPU.ActiveCfg = Debug|Any CPU
		{259FDB83-F24F-4A34-B373-B087533781EA}.Debug|Any CPU.Build.0 = Debug|Any CPU
		{259FDB83-F24F-4A34-B373-B087533781EA}.Release|Any CPU.ActiveCfg = Release|Any CPU
		{259FDB83-F24F-4A34-B373-B087533781EA}.Release|Any CPU.Build.0 = Release|Any CPU
	EndGlobalSection
	GlobalSection(SolutionProperties) = preSolution
		HideSolutionNode = FALSE
	EndGlobalSection
	GlobalSection(ExtensibilityGlobals) = postSolution
		SolutionGuid = {72C39E84-B93D-4BD0-A26D-2860067DB81E}
	EndGlobalSection
EndGlobal
